<?xml version="1.0" encoding="utf-8"?>
<Project ToolsVersion="4.0" xmlns="http://schemas.microsoft.com/developer/msbuild/2003">
  <ItemGroup>
    <Filter Include="Source Files">
      <UniqueIdentifier>{4FC737F1-C7A5-4376-A066-2A32D752A2FF}</UniqueIdentifier>
      <Extensions>cpp;c;cc;cxx;def;odl;idl;hpj;bat;asm;asmx</Extensions>
    </Filter>
    <Filter Include="Resource Files">
      <UniqueIdentifier>{D9D6E242-F8AF-46E4-B9FD-80ECBC20BA3E}</UniqueIdentifier>
      <Extensions>qrc;*</Extensions>
      <ParseFiles>false</ParseFiles>
    </Filter>
    <Filter Include="Form Files">
      <UniqueIdentifier>{99349809-55BA-4b9d-BF79-8FDBB0286EB3}</UniqueIdentifier>
      <Extensions>ui</Extensions>
    </Filter>
    <Filter Include="Resource Files">
      <UniqueIdentifier>{D9D6E242-F8AF-46E4-B9FD-80ECBC20BA3E}</UniqueIdentifier>
      <Extensions>qrc;*</Extensions>
      <ParseFiles>false</ParseFiles>
    </Filter>
    <Filter Include="Generated Files">
      <UniqueIdentifier>{71ED8ED8-ACB9-4CE9-BBE1-E00B30144E11}</UniqueIdentifier>
      <Extensions>moc;h;cpp</Extensions>
      <SourceControlFiles>False</SourceControlFiles>
    </Filter>
    <Filter Include="Header Files">
      <UniqueIdentifier>{93995380-89BD-4b04-88EB-625FBE52EBFB}</UniqueIdentifier>
      <Extensions>h;hh;hpp;hxx;hm;inl;inc;xsd</Extensions>
    </Filter>
  </ItemGroup>
  <ItemGroup>
    <ClCompile Include="main.cpp">
      <Filter>Source Files</Filter>
    </ClCompile>
    <ClCompile Include="stdafx.cpp">
      <Filter>Source Files</Filter>
    </ClCompile>
    <ClCompile Include="MainWindow.cpp">
      <Filter>Source Files</Filter>
    </ClCompile>
    <ClCompile Include="ProcessTabWidget.cpp">
      <Filter>Source Files</Filter>
    </ClCompile>
    <ClCompile Include="WindowTabWidget.cpp">
      <Filter>Source Files</Filter>
    </ClCompile>
    <ClCompile Include="ServiceTabWidget.cpp">
      <Filter>Source Files</Filter>
    </ClCompile>
    <ClCompile Include="CleanTrashTabWidget.cpp">
      <Filter>Source Files</Filter>
    </ClCompile>
    <ClCompile Include="AntiVirusTabWidget.cpp">
      <Filter>Source Files</Filter>
    </ClCompile>
    <ClCompile Include="ModuleDlg.cpp">
      <Filter>Source Files</Filter>
    </ClCompile>
    <ClCompile Include="ThreadDlg.cpp">
      <Filter>Source Files</Filter>
    </ClCompile>
    <ClCompile Include="CpuMemInfoThread.cpp">
      <Filter>Source Files</Filter>
    </ClCompile>
    <ClCompile Include="PETabWidget.cpp">
      <Filter>Source Files</Filter>
    </ClCompile>
    <ClCompile Include="Md5.cpp">
      <Filter>Source Files</Filter>
    </ClCompile>
    <ClCompile Include="OffsetCounterDlg.cpp">
      <Filter>Source Files</Filter>
    </ClCompile>
    <ClCompile Include="CleanVSPrjThread.cpp">
      <Filter>Source Files</Filter>
    </ClCompile>
    <ClCompile Include="CleanSysAndBrwsThread.cpp">
      <Filter>Source Files</Filter>
    </ClCompile>
    <ClCompile Include="MyWinEventFilter.cpp">
      <Filter>Source Files</Filter>
    </ClCompile>
    <ClCompile Include="MyGlobalShortCut.cpp">
      <Filter>Source Files</Filter>
    </ClCompile>
    <ClCompile Include="SoftUninstallTabWidget.cpp">
      <Filter>Source Files</Filter>
    </ClCompile>
    <ClCompile Include="StartItemTabWidget.cpp">
      <Filter>Source Files</Filter>
    </ClCompile>
    <ClCompile Include="LocalScanVirusThread.cpp">
      <Filter>Source Files</Filter>
    </ClCompile>
    <ClCompile Include="ProcessScanVirusThread.cpp">
      <Filter>Source Files</Filter>
    </ClCompile>
  </ItemGroup>
  <ItemGroup>
    <ClInclude Include="stdafx.h">
      <Filter>Header Files</Filter>
    </ClInclude>
    <ClInclude Include="ui_MainWindow.h">
      <Filter>Header Files</Filter>
    </ClInclude>
    <ClInclude Include="ui_WindowTabWidget.h">
      <Filter>Header Files</Filter>
    </ClInclude>
    <ClInclude Include="ui_ServiceTabWidget.h">
      <Filter>Header Files</Filter>
    </ClInclude>
    <ClInclude Include="ui_ProcessTabWidget.h">
      <Filter>Header Files</Filter>
    </ClInclude>
    <ClInclude Include="ui_CleanTrashTabWidget.h">
      <Filter>Header Files</Filter>
    </ClInclude>
    <ClInclude Include="ui_AntiVirusTabWidget.h">
      <Filter>Header Files</Filter>
    </ClInclude>
    <ClInclude Include="ui_ThreadDlg.h">
      <Filter>Header Files</Filter>
    </ClInclude>
    <ClInclude Include="ui_ModuleDlg.h">
      <Filter>Header Files</Filter>
    </ClInclude>
    <ClInclude Include="Data.h">
      <Filter>Header Files</Filter>
    </ClInclude>
    <ClInclude Include="ui_PETabWidget.h">
      <Filter>Header Files</Filter>
    </ClInclude>
    <ClInclude Include="Md5.h">
      <Filter>Header Files</Filter>
    </ClInclude>
    <ClInclude Include="ui_OffsetCounterDlg.h">
      <Filter>Header Files</Filter>
    </ClInclude>
    <ClInclude Include="MyWinEventFilter.h">
      <Filter>Header Files</Filter>
    </ClInclude>
    <ClInclude Include="ui_SoftUninstallTabWidget.h">
      <Filter>Header Files</Filter>
    </ClInclude>
    <ClInclude Include="ui_StartItemTabWidget.h">
      <Filter>Header Files</Filter>
    </ClInclude>
    <ClInclude Include="resource.h">
      <Filter>Generated Files</Filter>
    </ClInclude>
  </ItemGroup>
  <ItemGroup>
    <QtMoc Include="MainWindow.h">
      <Filter>Header Files</Filter>
    </QtMoc>
    <QtMoc Include="ProcessTabWidget.h">
      <Filter>Header Files</Filter>
    </QtMoc>
    <QtMoc Include="WindowTabWidget.h">
      <Filter>Header Files</Filter>
    </QtMoc>
    <QtMoc Include="ServiceTabWidget.h">
      <Filter>Header Files</Filter>
    </QtMoc>
    <QtMoc Include="CleanTrashTabWidget.h">
      <Filter>Header Files</Filter>
    </QtMoc>
    <QtMoc Include="AntiVirusTabWidget.h">
      <Filter>Header Files</Filter>
    </QtMoc>
    <QtMoc Include="ModuleDlg.h">
      <Filter>Header Files</Filter>
    </QtMoc>
    <QtMoc Include="ThreadDlg.h">
      <Filter>Header Files</Filter>
    </QtMoc>
    <QtMoc Include="CpuMemInfoThread.h">
      <Filter>Header Files</Filter>
    </QtMoc>
    <QtMoc Include="PETabWidget.h">
      <Filter>Header Files</Filter>
    </QtMoc>
    <QtMoc Include="OffsetCounterDlg.h">
      <Filter>Header Files</Filter>
    </QtMoc>
    <QtMoc Include="CleanVSPrjThread.h">
      <Filter>Header Files</Filter>
    </QtMoc>
    <QtMoc Include="CleanSysAndBrwsThread.h">
      <Filter>Header Files</Filter>
    </QtMoc>
    <QtMoc Include="MyGlobalShortCut.h">
      <Filter>Header Files</Filter>
    </QtMoc>
    <QtMoc Include="SoftUninstallTabWidget.h">
      <Filter>Header Files</Filter>
    </QtMoc>
    <QtMoc Include="StartItemTabWidget.h">
      <Filter>Header Files</Filter>
    </QtMoc>
    <QtMoc Include="LocalScanVirusThread.h">
      <Filter>Header Files</Filter>
    </QtMoc>
    <QtMoc Include="ProcessScanVirusThread.h">
      <Filter>Header Files</Filter>
    </QtMoc>
  </ItemGroup>
  <ItemGroup>
    <QtUic Include="MainWindow.ui">
      <Filter>Form Files</Filter>
    </QtUic>
    <QtUic Include="ProcessTabWidget.ui">
      <Filter>Form Files</Filter>
    </QtUic>
    <QtUic Include="WindowTabWidget.ui">
      <Filter>Form Files</Filter>
    </QtUic>
    <QtUic Include="ServiceTabWidget.ui">
      <Filter>Form Files</Filter>
    </QtUic>
    <QtUic Include="CleanTrashTabWidget.ui">
      <Filter>Form Files</Filter>
    </QtUic>
    <QtUic Include="AntiVirusTabWidget.ui">
      <Filter>Form Files</Filter>
    </QtUic>
    <QtUic Include="ModuleDlg.ui">
      <Filter>Form Files</Filter>
    </QtUic>
    <QtUic Include="ThreadDlg.ui">
      <Filter>Form Files</Filter>
    </QtUic>
    <QtUic Include="PETabWidget.ui">
      <Filter>Form Files</Filter>
    </QtUic>
    <QtUic Include="OffsetCounterDlg.ui">
      <Filter>Form Files</Filter>
    </QtUic>
    <QtUic Include="SoftUninstallTabWidget.ui">
      <Filter>Form Files</Filter>
    </QtUic>
    <QtUic Include="StartItemTabWidget.ui">
      <Filter>Form Files</Filter>
    </QtUic>
  </ItemGroup>
  <ItemGroup>
    <QtRcc Include="MainWindow.qrc">
      <Filter>Resource Files</Filter>
    </QtRcc>
  </ItemGroup>
  <ItemGroup>
    <ResourceCompile Include="SohoSecurity.rc" />
  </ItemGroup>
  <ItemGroup>
    <Image Include="Security_Center.ico" />
    <Image Include="F:\old_Media\图片素材\Security_Center.ico" />
  </ItemGroup>
</Project>